<?xml version="1.0" encoding="utf-8"?>
<Project ToolsVersion="4.0" xmlns="http://schemas.microsoft.com/developer/msbuild/2003">
  <ItemGroup>
    <Filter Include="D:">
      <UniqueIdentifier>{43735900-2FFF-870B-98AD-880B8458880B}</UniqueIdentifier>
    </Filter>
    <Filter Include="D:\garrysmod_common">
      <UniqueIdentifier>{92FFB1A6-FE60-8FB4-87CE-D566F32EC673}</UniqueIdentifier>
    </Filter>
    <Filter Include="D:\garrysmod_common\sourcesdk-minimal">
      <UniqueIdentifier>{48E230B6-B4A6-2FA6-7D0C-6070E98FCBDB}</UniqueIdentifier>
    </Filter>
    <Filter Include="D:\garrysmod_common\sourcesdk-minimal\interfaces">
      <UniqueIdentifier>{BB6DCCC4-A716-34F4-D0AC-4F73BCB44E35}</UniqueIdentifier>
    </Filter>
    <Filter Include="D:\garrysmod_common\sourcesdk-minimal\public">
      <UniqueIdentifier>{963852A0-824B-52F9-2B35-2FE61727EF46}</UniqueIdentifier>
    </Filter>
    <Filter Include="D:\garrysmod_common\sourcesdk-minimal\public\interfaces">
      <UniqueIdentifier>{4977D223-B55E-BD19-BE4C-BF952AB360DC}</UniqueIdentifier>
    </Filter>
    <Filter Include="Source files">
      <UniqueIdentifier>{09D840D1-F53A-D075-9EC0-082C8A029CF8}</UniqueIdentifier>
    </Filter>
  </ItemGroup>
  <ItemGroup>
    <ClInclude Include="D:\garrysmod_common\sourcesdk-minimal\public\interfaces\interfaces.h">
      <Filter>D:\garrysmod_common\sourcesdk-minimal\public\interfaces</Filter>
    </ClInclude>
  </ItemGroup>
  <ItemGroup>
    <ClCompile Include="..\..\..\source\main.cpp">
      <Filter>Source files</Filter>
    </ClCompile>
    <ClCompile Include="D:\garrysmod_common\sourcesdk-minimal\interfaces\interfaces.cpp">
      <Filter>D:\garrysmod_common\sourcesdk-minimal\interfaces</Filter>
    </ClCompile>
  </ItemGroup>
</Project>